<?xml version="1.0" encoding="utf-8"?>
<Project ToolsVersion="4.0" xmlns="http://schemas.microsoft.com/developer/msbuild/2003">
  <ItemGroup>
    <Filter Include="소스 파일">
      <UniqueIdentifier>{4FC737F1-C7A5-4376-A066-2A32D752A2FF}</UniqueIdentifier>
      <Extensions>cpp;c;cc;cxx;c++;def;odl;idl;hpj;bat;asm;asmx</Extensions>
    </Filter>
    <Filter Include="헤더 파일">
      <UniqueIdentifier>{93995380-89BD-4b04-88EB-625FBE52EBFB}</UniqueIdentifier>
      <Extensions>h;hh;hpp;hxx;h++;hm;inl;inc;ipp;xsd</Extensions>
    </Filter>
    <Filter Include="리소스 파일">
      <UniqueIdentifier>{67DA6AB6-F800-4c08-8B7A-83BB121AAD01}</UniqueIdentifier>
      <Extensions>rc;ico;cur;bmp;dlg;rc2;rct;bin;rgs;gif;jpg;jpeg;jpe;resx;tiff;tif;png;wav;mfcribbon-ms</Extensions>
    </Filter>
  </ItemGroup>
  <ItemGroup>
    <ClCompile Include="ch16_array.c">
      <Filter>소스 파일</Filter>
    </ClCompile>
    <ClCompile Include="ch00_practice.c">
      <Filter>소스 파일</Filter>
    </ClCompile>
    <ClCompile Include="123.c">
      <Filter>소스 파일</Filter>
    </ClCompile>
    <ClCompile Include="ch16-Quiz_array.c">
      <Filter>소스 파일</Filter>
    </ClCompile>
    <ClCompile Include="ch17_array2.c">
      <Filter>소스 파일</Filter>
    </ClCompile>
    <ClCompile Include="ch17-Quiz_array2.c">
      <Filter>소스 파일</Filter>
    </ClCompile>
    <ClCompile Include="ch18_string.c">
      <Filter>소스 파일</Filter>
    </ClCompile>
    <ClCompile Include="ch18-Quiz_string.c">
      <Filter>소스 파일</Filter>
    </ClCompile>
    <ClCompile Include="ch19_rand.c">
      <Filter>소스 파일</Filter>
    </ClCompile>
    <ClCompile Include="ch20_macro.c">
      <Filter>소스 파일</Filter>
    </ClCompile>
    <ClCompile Include="ch20-Quiz_rand_macro.c">
      <Filter>소스 파일</Filter>
    </ClCompile>
    <ClCompile Include="ch21_variable-life-cycle.c">
      <Filter>소스 파일</Filter>
    </ClCompile>
    <ClCompile Include="ch22_function.c">
      <Filter>소스 파일</Filter>
    </ClCompile>
    <ClCompile Include="ch23_function_use.c">
      <Filter>소스 파일</Filter>
    </ClCompile>
    <ClCompile Include="ch23-Quiz_function.c">
      <Filter>소스 파일</Filter>
    </ClCompile>
    <ClCompile Include="ch23-Quiz_function_2.c">
      <Filter>소스 파일</Filter>
    </ClCompile>
    <ClCompile Include="ch24_pointer.c">
      <Filter>소스 파일</Filter>
    </ClCompile>
    <ClCompile Include="ch24-Quiz_pointer.c">
      <Filter>소스 파일</Filter>
    </ClCompile>
    <ClCompile Include="ch25_pointer_function.c">
      <Filter>소스 파일</Filter>
    </ClCompile>
    <ClCompile Include="ch25-Quiz_pointer_function.c">
      <Filter>소스 파일</Filter>
    </ClCompile>
    <ClCompile Include="ch26_struct.c">
      <Filter>소스 파일</Filter>
    </ClCompile>
    <ClCompile Include="ch27_struct_function.c">
      <Filter>소스 파일</Filter>
    </ClCompile>
    <ClCompile Include="ch28_dynamic-allocation.cpp">
      <Filter>소스 파일</Filter>
    </ClCompile>
  </ItemGroup>
</Project>